
Microsoft Visual Studio Solution File, Format Version 12.00
# Visual Studio Version 16
VisualStudioVersion = 16.0.30225.117
MinimumVisualStudioVersion = 10.0.40219.1
Project("{9A19103F-16F7-4668-BE54-9A1E7A4F7556}") = "CosmosOptimizer", "CosmosOptimizer\CosmosOptimizer.csproj", "{865A5220-A91E-44AC-9936-9C5B1BFF36BA}"
EndProject
Project("{FAE04EC0-301F-11D3-BF4B-00C04F79EFBC}") = "CosmosOptimizer.Tests", "CosmosOptimizer.Tests\CosmosOptimizer.Tests.csproj", "{0A06C596-2F3A-4906-8145-2B121DC1E4BC}"
EndProject
Global
	GlobalSection(SolutionConfigurationPlatforms) = preSolution
		Debug|Any CPU = Debug|Any CPU
		Release|Any CPU = Release|Any CPU
	EndGlobalSection
	GlobalSection(ProjectConfigurationPlatforms) = postSolution
		{865A5220-A91E-44AC-9936-9C5B1BFF36BA}.Debug|Any CPU.ActiveCfg = Debug|Any CPU
		{865A5220-A91E-44AC-9936-9C5B1BFF36BA}.Debug|Any CPU.Build.0 = Debug|Any CPU
		{865A5220-A91E-44AC-9936-9C5B1BFF36BA}.Release|Any CPU.ActiveCfg = Release|Any CPU
		{865A5220-A91E-44AC-9936-9C5B1BFF36BA}.Release|Any CPU.Build.0 = Release|Any CPU
		{0A06C596-2F3A-4906-8145-2B121DC1E4BC}.Debug|Any CPU.ActiveCfg = Debug|Any CPU
		{0A06C596-2F3A-4906-8145-2B121DC1E4BC}.Debug|Any CPU.Build.0 = Debug|Any CPU
		{0A06C596-2F3A-4906-8145-2B121DC1E4BC}.Release|Any CPU.ActiveCfg = Release|Any CPU
		{0A06C596-2F3A-4906-8145-2B121DC1E4BC}.Release|Any CPU.Build.0 = Release|Any CPU
	EndGlobalSection
	GlobalSection(SolutionProperties) = preSolution
		HideSolutionNode = FALSE
	EndGlobalSection
	GlobalSection(ExtensibilityGlobals) = postSolution
		SolutionGuid = {159CE409-4466-4098-822C-220F024183B4}
	EndGlobalSection
EndGlobal
